
Microsoft Visual Studio Solution File, Format Version 12.00
# Visual Studio Version 16
VisualStudioVersion = 16.6.30114.105
MinimumVisualStudioVersion = 10.0.40219.1
Project("{F2A71F9B-5D33-465A-A702-920D77279786}") = "Day1", "Day1\Day1.fsproj", "{5A01C666-39E7-43BB-952B-F3C946B5437A}"
EndProject
Project("{F2A71F9B-5D33-465A-A702-920D77279786}") = "Day2", "Day2\Day2.fsproj", "{A0668CC7-4F2C-4721-A041-3E76637C269B}"
EndProject
Project("{F2A71F9B-5D33-465A-A702-920D77279786}") = "Day3", "Day3\Day3.fsproj", "{D1E678F2-5DB7-4C72-B646-5C324C0AF3EE}"
EndProject
Project("{F2A71F9B-5D33-465A-A702-920D77279786}") = "Day4", "Day4\Day4.fsproj", "{46664C76-F744-4A84-97D1-28A53B571C3C}"
EndProject
Project("{F2A71F9B-5D33-465A-A702-920D77279786}") = "Day5", "Day5\Day5.fsproj", "{3B2976F7-D89C-4869-A700-4704BDCB6066}"
EndProject
Global
	GlobalSection(SolutionConfigurationPlatforms) = preSolution
		Debug|Any CPU = Debug|Any CPU
		Debug|x64 = Debug|x64
		Debug|x86 = Debug|x86
		Release|Any CPU = Release|Any CPU
		Release|x64 = Release|x64
		Release|x86 = Release|x86
	EndGlobalSection
	GlobalSection(SolutionProperties) = preSolution
		HideSolutionNode = FALSE
	EndGlobalSection
	GlobalSection(ProjectConfigurationPlatforms) = postSolution
		{5A01C666-39E7-43BB-952B-F3C946B5437A}.Debug|Any CPU.ActiveCfg = Debug|Any CPU
		{5A01C666-39E7-43BB-952B-F3C946B5437A}.Debug|Any CPU.Build.0 = Debug|Any CPU
		{5A01C666-39E7-43BB-952B-F3C946B5437A}.Debug|x64.ActiveCfg = Debug|Any CPU
		{5A01C666-39E7-43BB-952B-F3C946B5437A}.Debug|x64.Build.0 = Debug|Any CPU
		{5A01C666-39E7-43BB-952B-F3C946B5437A}.Debug|x86.ActiveCfg = Debug|Any CPU
		{5A01C666-39E7-43BB-952B-F3C946B5437A}.Debug|x86.Build.0 = Debug|Any CPU
		{5A01C666-39E7-43BB-952B-F3C946B5437A}.Release|Any CPU.ActiveCfg = Release|Any CPU
		{5A01C666-39E7-43BB-952B-F3C946B5437A}.Release|Any CPU.Build.0 = Release|Any CPU
		{5A01C666-39E7-43BB-952B-F3C946B5437A}.Release|x64.ActiveCfg = Release|Any CPU
		{5A01C666-39E7-43BB-952B-F3C946B5437A}.Release|x64.Build.0 = Release|Any CPU
		{5A01C666-39E7-43BB-952B-F3C946B5437A}.Release|x86.ActiveCfg = Release|Any CPU
		{5A01C666-39E7-43BB-952B-F3C946B5437A}.Release|x86.Build.0 = Release|Any CPU
		{A0668CC7-4F2C-4721-A041-3E76637C269B}.Debug|Any CPU.ActiveCfg = Debug|Any CPU
		{A0668CC7-4F2C-4721-A041-3E76637C269B}.Debug|Any CPU.Build.0 = Debug|Any CPU
		{A0668CC7-4F2C-4721-A041-3E76637C269B}.Debug|x64.ActiveCfg = Debug|Any CPU
		{A0668CC7-4F2C-4721-A041-3E76637C269B}.Debug|x64.Build.0 = Debug|Any CPU
		{A0668CC7-4F2C-4721-A041-3E76637C269B}.Debug|x86.ActiveCfg = Debug|Any CPU
		{A0668CC7-4F2C-4721-A041-3E76637C269B}.Debug|x86.Build.0 = Debug|Any CPU
		{A0668CC7-4F2C-4721-A041-3E76637C269B}.Release|Any CPU.ActiveCfg = Release|Any CPU
		{A0668CC7-4F2C-4721-A041-3E76637C269B}.Release|Any CPU.Build.0 = Release|Any CPU
		{A0668CC7-4F2C-4721-A041-3E76637C269B}.Release|x64.ActiveCfg = Release|Any CPU
		{A0668CC7-4F2C-4721-A041-3E76637C269B}.Release|x64.Build.0 = Release|Any CPU
		{A0668CC7-4F2C-4721-A041-3E76637C269B}.Release|x86.ActiveCfg = Release|Any CPU
		{A0668CC7-4F2C-4721-A041-3E76637C269B}.Release|x86.Build.0 = Release|Any CPU
		{D1E678F2-5DB7-4C72-B646-5C324C0AF3EE}.Debug|Any CPU.ActiveCfg = Debug|Any CPU
		{D1E678F2-5DB7-4C72-B646-5C324C0AF3EE}.Debug|Any CPU.Build.0 = Debug|Any CPU
		{D1E678F2-5DB7-4C72-B646-5C324C0AF3EE}.Debug|x64.ActiveCfg = Debug|Any CPU
		{D1E678F2-5DB7-4C72-B646-5C324C0AF3EE}.Debug|x64.Build.0 = Debug|Any CPU
		{D1E678F2-5DB7-4C72-B646-5C324C0AF3EE}.Debug|x86.ActiveCfg = Debug|Any CPU
		{D1E678F2-5DB7-4C72-B646-5C324C0AF3EE}.Debug|x86.Build.0 = Debug|Any CPU
		{D1E678F2-5DB7-4C72-B646-5C324C0AF3EE}.Release|Any CPU.ActiveCfg = Release|Any CPU
		{D1E678F2-5DB7-4C72-B646-5C324C0AF3EE}.Release|Any CPU.Build.0 = Release|Any CPU
		{D1E678F2-5DB7-4C72-B646-5C324C0AF3EE}.Release|x64.ActiveCfg = Release|Any CPU
		{D1E678F2-5DB7-4C72-B646-5C324C0AF3EE}.Release|x64.Build.0 = Release|Any CPU
		{D1E678F2-5DB7-4C72-B646-5C324C0AF3EE}.Release|x86.ActiveCfg = Release|Any CPU
		{D1E678F2-5DB7-4C72-B646-5C324C0AF3EE}.Release|x86.Build.0 = Release|Any CPU
		{46664C76-F744-4A84-97D1-28A53B571C3C}.Debug|Any CPU.ActiveCfg = Debug|Any CPU
		{46664C76-F744-4A84-97D1-28A53B571C3C}.Debug|Any CPU.Build.0 = Debug|Any CPU
		{46664C76-F744-4A84-97D1-28A53B571C3C}.Debug|x64.ActiveCfg = Debug|Any CPU
		{46664C76-F744-4A84-97D1-28A53B571C3C}.Debug|x64.Build.0 = Debug|Any CPU
		{46664C76-F744-4A84-97D1-28A53B571C3C}.Debug|x86.ActiveCfg = Debug|Any CPU
		{46664C76-F744-4A84-97D1-28A53B571C3C}.Debug|x86.Build.0 = Debug|Any CPU
		{46664C76-F744-4A84-97D1-28A53B571C3C}.Release|Any CPU.ActiveCfg = Release|Any CPU
		{46664C76-F744-4A84-97D1-28A53B571C3C}.Release|Any CPU.Build.0 = Release|Any CPU
		{46664C76-F744-4A84-97D1-28A53B571C3C}.Release|x64.ActiveCfg = Release|Any CPU
		{46664C76-F744-4A84-97D1-28A53B571C3C}.Release|x64.Build.0 = Release|Any CPU
		{46664C76-F744-4A84-97D1-28A53B571C3C}.Release|x86.ActiveCfg = Release|Any CPU
		{46664C76-F744-4A84-97D1-28A53B571C3C}.Release|x86.Build.0 = Release|Any CPU
		{3B2976F7-D89C-4869-A700-4704BDCB6066}.Debug|Any CPU.ActiveCfg = Debug|Any CPU
		{3B2976F7-D89C-4869-A700-4704BDCB6066}.Debug|Any CPU.Build.0 = Debug|Any CPU
		{3B2976F7-D89C-4869-A700-4704BDCB6066}.Debug|x64.ActiveCfg = Debug|Any CPU
		{3B2976F7-D89C-4869-A700-4704BDCB6066}.Debug|x64.Build.0 = Debug|Any CPU
		{3B2976F7-D89C-4869-A700-4704BDCB6066}.Debug|x86.ActiveCfg = Debug|Any CPU
		{3B2976F7-D89C-4869-A700-4704BDCB6066}.Debug|x86.Build.0 = Debug|Any CPU
		{3B2976F7-D89C-4869-A700-4704BDCB6066}.Release|Any CPU.ActiveCfg = Release|Any CPU
		{3B2976F7-D89C-4869-A700-4704BDCB6066}.Release|Any CPU.Build.0 = Release|Any CPU
		{3B2976F7-D89C-4869-A700-4704BDCB6066}.Release|x64.ActiveCfg = Release|Any CPU
		{3B2976F7-D89C-4869-A700-4704BDCB6066}.Release|x64.Build.0 = Release|Any CPU
		{3B2976F7-D89C-4869-A700-4704BDCB6066}.Release|x86.ActiveCfg = Release|Any CPU
		{3B2976F7-D89C-4869-A700-4704BDCB6066}.Release|x86.Build.0 = Release|Any CPU
	EndGlobalSection
EndGlobal
